
Microsoft Visual Studio Solution File, Format Version 12.00
# Visual Studio Version 16
VisualStudioVersion = 16.0.31205.134
MinimumVisualStudioVersion = 15.0.26124.0
Project("{9A19103F-16F7-4668-BE54-9A1E7A4F7556}") = "API", "API\API.csproj", "{B669A4BD-8C4E-4858-AE40-41DB6FEA70CC}"
EndProject
Project("{FAE04EC0-301F-11D3-BF4B-00C04F79EFBC}") = "API.Core", "API.Core\API.Core.csproj", "{7CC11EC6-DCC5-4299-B0C5-D6D91281B5E6}"
EndProject
Project("{FAE04EC0-301F-11D3-BF4B-00C04F79EFBC}") = "API.Infastructure", "API.Infastructure\API.Infastructure.csproj", "{3F1B87C6-5C5A-4007-9BFF-D856F02D15E2}"
EndProject
Global
	GlobalSection(SolutionConfigurationPlatforms) = preSolution
		Debug|Any CPU = Debug|Any CPU
		Debug|x64 = Debug|x64
		Debug|x86 = Debug|x86
		Release|Any CPU = Release|Any CPU
		Release|x64 = Release|x64
		Release|x86 = Release|x86
	EndGlobalSection
	GlobalSection(ProjectConfigurationPlatforms) = postSolution
		{B669A4BD-8C4E-4858-AE40-41DB6FEA70CC}.Debug|Any CPU.ActiveCfg = Debug|Any CPU
		{B669A4BD-8C4E-4858-AE40-41DB6FEA70CC}.Debug|Any CPU.Build.0 = Debug|Any CPU
		{B669A4BD-8C4E-4858-AE40-41DB6FEA70CC}.Debug|x64.ActiveCfg = Debug|Any CPU
		{B669A4BD-8C4E-4858-AE40-41DB6FEA70CC}.Debug|x64.Build.0 = Debug|Any CPU
		{B669A4BD-8C4E-4858-AE40-41DB6FEA70CC}.Debug|x86.ActiveCfg = Debug|Any CPU
		{B669A4BD-8C4E-4858-AE40-41DB6FEA70CC}.Debug|x86.Build.0 = Debug|Any CPU
		{B669A4BD-8C4E-4858-AE40-41DB6FEA70CC}.Release|Any CPU.ActiveCfg = Release|Any CPU
		{B669A4BD-8C4E-4858-AE40-41DB6FEA70CC}.Release|Any CPU.Build.0 = Release|Any CPU
		{B669A4BD-8C4E-4858-AE40-41DB6FEA70CC}.Release|x64.ActiveCfg = Release|Any CPU
		{B669A4BD-8C4E-4858-AE40-41DB6FEA70CC}.Release|x64.Build.0 = Release|Any CPU
		{B669A4BD-8C4E-4858-AE40-41DB6FEA70CC}.Release|x86.ActiveCfg = Release|Any CPU
		{B669A4BD-8C4E-4858-AE40-41DB6FEA70CC}.Release|x86.Build.0 = Release|Any CPU
		{7CC11EC6-DCC5-4299-B0C5-D6D91281B5E6}.Debug|Any CPU.ActiveCfg = Debug|Any CPU
		{7CC11EC6-DCC5-4299-B0C5-D6D91281B5E6}.Debug|Any CPU.Build.0 = Debug|Any CPU
		{7CC11EC6-DCC5-4299-B0C5-D6D91281B5E6}.Debug|x64.ActiveCfg = Debug|Any CPU
		{7CC11EC6-DCC5-4299-B0C5-D6D91281B5E6}.Debug|x64.Build.0 = Debug|Any CPU
		{7CC11EC6-DCC5-4299-B0C5-D6D91281B5E6}.Debug|x86.ActiveCfg = Debug|Any CPU
		{7CC11EC6-DCC5-4299-B0C5-D6D91281B5E6}.Debug|x86.Build.0 = Debug|Any CPU
		{7CC11EC6-DCC5-4299-B0C5-D6D91281B5E6}.Release|Any CPU.ActiveCfg = Release|Any CPU
		{7CC11EC6-DCC5-4299-B0C5-D6D91281B5E6}.Release|Any CPU.Build.0 = Release|Any CPU
		{7CC11EC6-DCC5-4299-B0C5-D6D91281B5E6}.Release|x64.ActiveCfg = Release|Any CPU
		{7CC11EC6-DCC5-4299-B0C5-D6D91281B5E6}.Release|x64.Build.0 = Release|Any CPU
		{7CC11EC6-DCC5-4299-B0C5-D6D91281B5E6}.Release|x86.ActiveCfg = Release|Any CPU
		{7CC11EC6-DCC5-4299-B0C5-D6D91281B5E6}.Release|x86.Build.0 = Release|Any CPU
		{3F1B87C6-5C5A-4007-9BFF-D856F02D15E2}.Debug|Any CPU.ActiveCfg = Debug|Any CPU
		{3F1B87C6-5C5A-4007-9BFF-D856F02D15E2}.Debug|Any CPU.Build.0 = Debug|Any CPU
		{3F1B87C6-5C5A-4007-9BFF-D856F02D15E2}.Debug|x64.ActiveCfg = Debug|Any CPU
		{3F1B87C6-5C5A-4007-9BFF-D856F02D15E2}.Debug|x64.Build.0 = Debug|Any CPU
		{3F1B87C6-5C5A-4007-9BFF-D856F02D15E2}.Debug|x86.ActiveCfg = Debug|Any CPU
		{3F1B87C6-5C5A-4007-9BFF-D856F02D15E2}.Debug|x86.Build.0 = Debug|Any CPU
		{3F1B87C6-5C5A-4007-9BFF-D856F02D15E2}.Release|Any CPU.ActiveCfg = Release|Any CPU
		{3F1B87C6-5C5A-4007-9BFF-D856F02D15E2}.Release|Any CPU.Build.0 = Release|Any CPU
		{3F1B87C6-5C5A-4007-9BFF-D856F02D15E2}.Release|x64.ActiveCfg = Release|Any CPU
		{3F1B87C6-5C5A-4007-9BFF-D856F02D15E2}.Release|x64.Build.0 = Release|Any CPU
		{3F1B87C6-5C5A-4007-9BFF-D856F02D15E2}.Release|x86.ActiveCfg = Release|Any CPU
		{3F1B87C6-5C5A-4007-9BFF-D856F02D15E2}.Release|x86.Build.0 = Release|Any CPU
	EndGlobalSection
	GlobalSection(SolutionProperties) = preSolution
		HideSolutionNode = FALSE
	EndGlobalSection
	GlobalSection(ExtensibilityGlobals) = postSolution
		SolutionGuid = {6307F184-5D76-4DDB-B07C-F566FE7A655E}
	EndGlobalSection
EndGlobal
